
Microsoft Visual Studio Solution File, Format Version 12.00
# Visual Studio Version 16
VisualStudioVersion = 16.0.34601.136
MinimumVisualStudioVersion = 10.0.40219.1
Project("{F184B08F-C81C-45F6-A57F-5ABD9991F28F}") = "MainMenu", "MainMenu\MainMenu.vbproj", "{1C1B71C4-112E-40C8-AF21-07B414C6BEFE}"
EndProject
Project("{F184B08F-C81C-45F6-A57F-5ABD9991F28F}") = "T.R.ZCommonClass", "T.R.ZCommonClass\T.R.ZCommonClass.vbproj", "{B555BCBF-591C-4BD1-95D1-53AB1771EEA5}"
EndProject
Project("{F184B08F-C81C-45F6-A57F-5ABD9991F28F}") = "T.R.ZCommonCon", "T.R.ZCommonCon\T.R.ZCommonCon.vbproj", "{1E1B85F1-87D2-4F40-BA16-C3621C8644A0}"
EndProject
Project("{F184B08F-C81C-45F6-A57F-5ABD9991F28F}") = "T.R.ZCommonCtrl", "T.R.ZCommonCtrl\T.R.ZCommonCtrl.vbproj", "{F38C221B-17E9-4AB3-8FDA-658A1E265D4F}"
EndProject
Project("{F184B08F-C81C-45F6-A57F-5ABD9991F28F}") = "IpcService", "IpcService\IpcService.vbproj", "{0CEF3710-7F88-46ED-A0D3-E6D6FF778F1D}"
EndProject
Project("{F184B08F-C81C-45F6-A57F-5ABD9991F28F}") = "MasterMaintenance", "MasterMaintenance\MasterMaintenance.vbproj", "{DF641FF4-31E4-4865-A1DF-77843FC541F1}"
EndProject
Project("{F184B08F-C81C-45F6-A57F-5ABD9991F28F}") = "PasswordEntry", "PasswordEntry\PasswordEntry.vbproj", "{7DE21293-5417-4613-826F-4F7540A20C7E}"
EndProject
Project("{F184B08F-C81C-45F6-A57F-5ABD9991F28F}") = "StartUpControlSam", "StartUpControlSam\StartUpControlSam.vbproj", "{AC94D75B-0C28-45D3-870C-9A243E9F8CE3}"
EndProject
Project("{F184B08F-C81C-45F6-A57F-5ABD9991F28F}") = "NyukaImport", "NyukaImport\NyukaImport.vbproj", "{57D5DE8A-C64D-4399-B33B-061A2BDAF34B}"
	ProjectSection(ProjectDependencies) = postProject
		{F38C221B-17E9-4AB3-8FDA-658A1E265D4F} = {F38C221B-17E9-4AB3-8FDA-658A1E265D4F}
		{B555BCBF-591C-4BD1-95D1-53AB1771EEA5} = {B555BCBF-591C-4BD1-95D1-53AB1771EEA5}
		{1E1B85F1-87D2-4F40-BA16-C3621C8644A0} = {1E1B85F1-87D2-4F40-BA16-C3621C8644A0}
	EndProjectSection
EndProject
Global
	GlobalSection(SolutionConfigurationPlatforms) = preSolution
		Debug|Any CPU = Debug|Any CPU
		Debug|x64 = Debug|x64
		Debug|x86 = Debug|x86
		Release|Any CPU = Release|Any CPU
		Release|x64 = Release|x64
		Release|x86 = Release|x86
	EndGlobalSection
	GlobalSection(ProjectConfigurationPlatforms) = postSolution
		{1C1B71C4-112E-40C8-AF21-07B414C6BEFE}.Debug|Any CPU.ActiveCfg = Debug|Any CPU
		{1C1B71C4-112E-40C8-AF21-07B414C6BEFE}.Debug|Any CPU.Build.0 = Debug|Any CPU
		{1C1B71C4-112E-40C8-AF21-07B414C6BEFE}.Debug|x64.ActiveCfg = Debug|x64
		{1C1B71C4-112E-40C8-AF21-07B414C6BEFE}.Debug|x64.Build.0 = Debug|x64
		{1C1B71C4-112E-40C8-AF21-07B414C6BEFE}.Debug|x86.ActiveCfg = Debug|x86
		{1C1B71C4-112E-40C8-AF21-07B414C6BEFE}.Debug|x86.Build.0 = Debug|x86
		{1C1B71C4-112E-40C8-AF21-07B414C6BEFE}.Release|Any CPU.ActiveCfg = Release|Any CPU
		{1C1B71C4-112E-40C8-AF21-07B414C6BEFE}.Release|Any CPU.Build.0 = Release|Any CPU
		{1C1B71C4-112E-40C8-AF21-07B414C6BEFE}.Release|x64.ActiveCfg = Release|x64
		{1C1B71C4-112E-40C8-AF21-07B414C6BEFE}.Release|x64.Build.0 = Release|x64
		{1C1B71C4-112E-40C8-AF21-07B414C6BEFE}.Release|x86.ActiveCfg = Release|x86
		{1C1B71C4-112E-40C8-AF21-07B414C6BEFE}.Release|x86.Build.0 = Release|x86
		{B555BCBF-591C-4BD1-95D1-53AB1771EEA5}.Debug|Any CPU.ActiveCfg = Debug|Any CPU
		{B555BCBF-591C-4BD1-95D1-53AB1771EEA5}.Debug|Any CPU.Build.0 = Debug|Any CPU
		{B555BCBF-591C-4BD1-95D1-53AB1771EEA5}.Debug|x64.ActiveCfg = Debug|x64
		{B555BCBF-591C-4BD1-95D1-53AB1771EEA5}.Debug|x64.Build.0 = Debug|x64
		{B555BCBF-591C-4BD1-95D1-53AB1771EEA5}.Debug|x86.ActiveCfg = Debug|x86
		{B555BCBF-591C-4BD1-95D1-53AB1771EEA5}.Debug|x86.Build.0 = Debug|x86
		{B555BCBF-591C-4BD1-95D1-53AB1771EEA5}.Release|Any CPU.ActiveCfg = Release|Any CPU
		{B555BCBF-591C-4BD1-95D1-53AB1771EEA5}.Release|Any CPU.Build.0 = Release|Any CPU
		{B555BCBF-591C-4BD1-95D1-53AB1771EEA5}.Release|x64.ActiveCfg = Release|x64
		{B555BCBF-591C-4BD1-95D1-53AB1771EEA5}.Release|x64.Build.0 = Release|x64
		{B555BCBF-591C-4BD1-95D1-53AB1771EEA5}.Release|x86.ActiveCfg = Release|x86
		{B555BCBF-591C-4BD1-95D1-53AB1771EEA5}.Release|x86.Build.0 = Release|x86
		{1E1B85F1-87D2-4F40-BA16-C3621C8644A0}.Debug|Any CPU.ActiveCfg = Debug|Any CPU
		{1E1B85F1-87D2-4F40-BA16-C3621C8644A0}.Debug|Any CPU.Build.0 = Debug|Any CPU
		{1E1B85F1-87D2-4F40-BA16-C3621C8644A0}.Debug|x64.ActiveCfg = Debug|x64
		{1E1B85F1-87D2-4F40-BA16-C3621C8644A0}.Debug|x64.Build.0 = Debug|x64
		{1E1B85F1-87D2-4F40-BA16-C3621C8644A0}.Debug|x86.ActiveCfg = Debug|x86
		{1E1B85F1-87D2-4F40-BA16-C3621C8644A0}.Debug|x86.Build.0 = Debug|x86
		{1E1B85F1-87D2-4F40-BA16-C3621C8644A0}.Release|Any CPU.ActiveCfg = Release|Any CPU
		{1E1B85F1-87D2-4F40-BA16-C3621C8644A0}.Release|Any CPU.Build.0 = Release|Any CPU
		{1E1B85F1-87D2-4F40-BA16-C3621C8644A0}.Release|x64.ActiveCfg = Release|x64
		{1E1B85F1-87D2-4F40-BA16-C3621C8644A0}.Release|x64.Build.0 = Release|x64
		{1E1B85F1-87D2-4F40-BA16-C3621C8644A0}.Release|x86.ActiveCfg = Release|x86
		{1E1B85F1-87D2-4F40-BA16-C3621C8644A0}.Release|x86.Build.0 = Release|x86
		{F38C221B-17E9-4AB3-8FDA-658A1E265D4F}.Debug|Any CPU.ActiveCfg = Debug|Any CPU
		{F38C221B-17E9-4AB3-8FDA-658A1E265D4F}.Debug|Any CPU.Build.0 = Debug|Any CPU
		{F38C221B-17E9-4AB3-8FDA-658A1E265D4F}.Debug|x64.ActiveCfg = Debug|x64
		{F38C221B-17E9-4AB3-8FDA-658A1E265D4F}.Debug|x64.Build.0 = Debug|x64
		{F38C221B-17E9-4AB3-8FDA-658A1E265D4F}.Debug|x86.ActiveCfg = Debug|x86
		{F38C221B-17E9-4AB3-8FDA-658A1E265D4F}.Debug|x86.Build.0 = Debug|x86
		{F38C221B-17E9-4AB3-8FDA-658A1E265D4F}.Release|Any CPU.ActiveCfg = Release|Any CPU
		{F38C221B-17E9-4AB3-8FDA-658A1E265D4F}.Release|Any CPU.Build.0 = Release|Any CPU
		{F38C221B-17E9-4AB3-8FDA-658A1E265D4F}.Release|x64.ActiveCfg = Release|x64
		{F38C221B-17E9-4AB3-8FDA-658A1E265D4F}.Release|x64.Build.0 = Release|x64
		{F38C221B-17E9-4AB3-8FDA-658A1E265D4F}.Release|x86.ActiveCfg = Release|x86
		{F38C221B-17E9-4AB3-8FDA-658A1E265D4F}.Release|x86.Build.0 = Release|x86
		{0CEF3710-7F88-46ED-A0D3-E6D6FF778F1D}.Debug|Any CPU.ActiveCfg = Debug|Any CPU
		{0CEF3710-7F88-46ED-A0D3-E6D6FF778F1D}.Debug|Any CPU.Build.0 = Debug|Any CPU
		{0CEF3710-7F88-46ED-A0D3-E6D6FF778F1D}.Debug|x64.ActiveCfg = Debug|x64
		{0CEF3710-7F88-46ED-A0D3-E6D6FF778F1D}.Debug|x64.Build.0 = Debug|x64
		{0CEF3710-7F88-46ED-A0D3-E6D6FF778F1D}.Debug|x86.ActiveCfg = Debug|x86
		{0CEF3710-7F88-46ED-A0D3-E6D6FF778F1D}.Debug|x86.Build.0 = Debug|x86
		{0CEF3710-7F88-46ED-A0D3-E6D6FF778F1D}.Release|Any CPU.ActiveCfg = Release|Any CPU
		{0CEF3710-7F88-46ED-A0D3-E6D6FF778F1D}.Release|Any CPU.Build.0 = Release|Any CPU
		{0CEF3710-7F88-46ED-A0D3-E6D6FF778F1D}.Release|x64.ActiveCfg = Release|x64
		{0CEF3710-7F88-46ED-A0D3-E6D6FF778F1D}.Release|x64.Build.0 = Release|x64
		{0CEF3710-7F88-46ED-A0D3-E6D6FF778F1D}.Release|x86.ActiveCfg = Release|x86
		{0CEF3710-7F88-46ED-A0D3-E6D6FF778F1D}.Release|x86.Build.0 = Release|x86
		{DF641FF4-31E4-4865-A1DF-77843FC541F1}.Debug|Any CPU.ActiveCfg = Debug|Any CPU
		{DF641FF4-31E4-4865-A1DF-77843FC541F1}.Debug|Any CPU.Build.0 = Debug|Any CPU
		{DF641FF4-31E4-4865-A1DF-77843FC541F1}.Debug|x64.ActiveCfg = Debug|x64
		{DF641FF4-31E4-4865-A1DF-77843FC541F1}.Debug|x64.Build.0 = Debug|x64
		{DF641FF4-31E4-4865-A1DF-77843FC541F1}.Debug|x86.ActiveCfg = Debug|x86
		{DF641FF4-31E4-4865-A1DF-77843FC541F1}.Debug|x86.Build.0 = Debug|x86
		{DF641FF4-31E4-4865-A1DF-77843FC541F1}.Release|Any CPU.ActiveCfg = Release|Any CPU
		{DF641FF4-31E4-4865-A1DF-77843FC541F1}.Release|Any CPU.Build.0 = Release|Any CPU
		{DF641FF4-31E4-4865-A1DF-77843FC541F1}.Release|x64.ActiveCfg = Release|x64
		{DF641FF4-31E4-4865-A1DF-77843FC541F1}.Release|x64.Build.0 = Release|x64
		{DF641FF4-31E4-4865-A1DF-77843FC541F1}.Release|x86.ActiveCfg = Release|x86
		{DF641FF4-31E4-4865-A1DF-77843FC541F1}.Release|x86.Build.0 = Release|x86
		{7DE21293-5417-4613-826F-4F7540A20C7E}.Debug|Any CPU.ActiveCfg = Debug|Any CPU
		{7DE21293-5417-4613-826F-4F7540A20C7E}.Debug|Any CPU.Build.0 = Debug|Any CPU
		{7DE21293-5417-4613-826F-4F7540A20C7E}.Debug|x64.ActiveCfg = Debug|Any CPU
		{7DE21293-5417-4613-826F-4F7540A20C7E}.Debug|x64.Build.0 = Debug|Any CPU
		{7DE21293-5417-4613-826F-4F7540A20C7E}.Debug|x86.ActiveCfg = Debug|x86
		{7DE21293-5417-4613-826F-4F7540A20C7E}.Debug|x86.Build.0 = Debug|x86
		{7DE21293-5417-4613-826F-4F7540A20C7E}.Release|Any CPU.ActiveCfg = Release|Any CPU
		{7DE21293-5417-4613-826F-4F7540A20C7E}.Release|Any CPU.Build.0 = Release|Any CPU
		{7DE21293-5417-4613-826F-4F7540A20C7E}.Release|x64.ActiveCfg = Release|x64
		{7DE21293-5417-4613-826F-4F7540A20C7E}.Release|x64.Build.0 = Release|x64
		{7DE21293-5417-4613-826F-4F7540A20C7E}.Release|x86.ActiveCfg = Release|x86
		{7DE21293-5417-4613-826F-4F7540A20C7E}.Release|x86.Build.0 = Release|x86
		{AC94D75B-0C28-45D3-870C-9A243E9F8CE3}.Debug|Any CPU.ActiveCfg = Debug|Any CPU
		{AC94D75B-0C28-45D3-870C-9A243E9F8CE3}.Debug|Any CPU.Build.0 = Debug|Any CPU
		{AC94D75B-0C28-45D3-870C-9A243E9F8CE3}.Debug|x64.ActiveCfg = Debug|Any CPU
		{AC94D75B-0C28-45D3-870C-9A243E9F8CE3}.Debug|x64.Build.0 = Debug|Any CPU
		{AC94D75B-0C28-45D3-870C-9A243E9F8CE3}.Debug|x86.ActiveCfg = Debug|x86
		{AC94D75B-0C28-45D3-870C-9A243E9F8CE3}.Debug|x86.Build.0 = Debug|x86
		{AC94D75B-0C28-45D3-870C-9A243E9F8CE3}.Release|Any CPU.ActiveCfg = Release|Any CPU
		{AC94D75B-0C28-45D3-870C-9A243E9F8CE3}.Release|Any CPU.Build.0 = Release|Any CPU
		{AC94D75B-0C28-45D3-870C-9A243E9F8CE3}.Release|x64.ActiveCfg = Release|x64
		{AC94D75B-0C28-45D3-870C-9A243E9F8CE3}.Release|x64.Build.0 = Release|x64
		{AC94D75B-0C28-45D3-870C-9A243E9F8CE3}.Release|x86.ActiveCfg = Release|x86
		{AC94D75B-0C28-45D3-870C-9A243E9F8CE3}.Release|x86.Build.0 = Release|x86
		{57D5DE8A-C64D-4399-B33B-061A2BDAF34B}.Debug|Any CPU.ActiveCfg = Debug|Any CPU
		{57D5DE8A-C64D-4399-B33B-061A2BDAF34B}.Debug|Any CPU.Build.0 = Debug|Any CPU
		{57D5DE8A-C64D-4399-B33B-061A2BDAF34B}.Debug|x64.ActiveCfg = Debug|Any CPU
		{57D5DE8A-C64D-4399-B33B-061A2BDAF34B}.Debug|x64.Build.0 = Debug|Any CPU
		{57D5DE8A-C64D-4399-B33B-061A2BDAF34B}.Debug|x86.ActiveCfg = Debug|Any CPU
		{57D5DE8A-C64D-4399-B33B-061A2BDAF34B}.Debug|x86.Build.0 = Debug|Any CPU
		{57D5DE8A-C64D-4399-B33B-061A2BDAF34B}.Release|Any CPU.ActiveCfg = Release|Any CPU
		{57D5DE8A-C64D-4399-B33B-061A2BDAF34B}.Release|Any CPU.Build.0 = Release|Any CPU
		{57D5DE8A-C64D-4399-B33B-061A2BDAF34B}.Release|x64.ActiveCfg = Release|Any CPU
		{57D5DE8A-C64D-4399-B33B-061A2BDAF34B}.Release|x64.Build.0 = Release|Any CPU
		{57D5DE8A-C64D-4399-B33B-061A2BDAF34B}.Release|x86.ActiveCfg = Release|Any CPU
		{57D5DE8A-C64D-4399-B33B-061A2BDAF34B}.Release|x86.Build.0 = Release|Any CPU
	EndGlobalSection
	GlobalSection(SolutionProperties) = preSolution
		HideSolutionNode = FALSE
	EndGlobalSection
	GlobalSection(ExtensibilityGlobals) = postSolution
		SolutionGuid = {9A1D2AC1-7C4C-454A-9590-FF5DF2F6DA42}
	EndGlobalSection
EndGlobal
