
Microsoft Visual Studio Solution File, Format Version 12.00
# Visual Studio Version 16
VisualStudioVersion = 16.0.34601.136
MinimumVisualStudioVersion = 10.0.40219.1
Project("{F184B08F-C81C-45F6-A57F-5ABD9991F28F}") = "MainMenu", "MainMenu\MainMenu.vbproj", "{1C1B71C4-112E-40C8-AF21-07B414C6BEFE}"
EndProject
Project("{F184B08F-C81C-45F6-A57F-5ABD9991F28F}") = "T.R.ZCommonClass", "T.R.ZCommonClass\T.R.ZCommonClass.vbproj", "{B555BCBF-591C-4BD1-95D1-53AB1771EEA5}"
EndProject
Project("{F184B08F-C81C-45F6-A57F-5ABD9991F28F}") = "T.R.ZCommonCon", "T.R.ZCommonCon\T.R.ZCommonCon.vbproj", "{1E1B85F1-87D2-4F40-BA16-C3621C8644A0}"
EndProject
Project("{F184B08F-C81C-45F6-A57F-5ABD9991F28F}") = "T.R.ZCommonCtrl", "T.R.ZCommonCtrl\T.R.ZCommonCtrl.vbproj", "{F38C221B-17E9-4AB3-8FDA-658A1E265D4F}"
	ProjectSection(ProjectDependencies) = postProject
		{1E1B85F1-87D2-4F40-BA16-C3621C8644A0} = {1E1B85F1-87D2-4F40-BA16-C3621C8644A0}
	EndProjectSection
EndProject
Project("{F184B08F-C81C-45F6-A57F-5ABD9991F28F}") = "IpcService", "IpcService\IpcService.vbproj", "{0CEF3710-7F88-46ED-A0D3-E6D6FF778F1D}"
EndProject
Project("{F184B08F-C81C-45F6-A57F-5ABD9991F28F}") = "AdminMaintenance", "MasterMaintenance\AdminMaintenance.vbproj", "{DF641FF4-31E4-4865-A1DF-77843FC541F1}"
	ProjectSection(ProjectDependencies) = postProject
		{F38C221B-17E9-4AB3-8FDA-658A1E265D4F} = {F38C221B-17E9-4AB3-8FDA-658A1E265D4F}
		{B555BCBF-591C-4BD1-95D1-53AB1771EEA5} = {B555BCBF-591C-4BD1-95D1-53AB1771EEA5}
		{1E1B85F1-87D2-4F40-BA16-C3621C8644A0} = {1E1B85F1-87D2-4F40-BA16-C3621C8644A0}
	EndProjectSection
EndProject
Project("{F184B08F-C81C-45F6-A57F-5ABD9991F28F}") = "PasswordEntry", "PasswordEntry\PasswordEntry.vbproj", "{7DE21293-5417-4613-826F-4F7540A20C7E}"
EndProject
Project("{F184B08F-C81C-45F6-A57F-5ABD9991F28F}") = "StartUpControlSam", "StartUpControlSam\StartUpControlSam.vbproj", "{AC94D75B-0C28-45D3-870C-9A243E9F8CE3}"
EndProject
Project("{F184B08F-C81C-45F6-A57F-5ABD9991F28F}") = "NyukaImport", "NyukaImport\NyukaImport.vbproj", "{57D5DE8A-C64D-4399-B33B-061A2BDAF34B}"
	ProjectSection(ProjectDependencies) = postProject
		{F38C221B-17E9-4AB3-8FDA-658A1E265D4F} = {F38C221B-17E9-4AB3-8FDA-658A1E265D4F}
		{B555BCBF-591C-4BD1-95D1-53AB1771EEA5} = {B555BCBF-591C-4BD1-95D1-53AB1771EEA5}
		{1E1B85F1-87D2-4F40-BA16-C3621C8644A0} = {1E1B85F1-87D2-4F40-BA16-C3621C8644A0}
	EndProjectSection
EndProject
Project("{F184B08F-C81C-45F6-A57F-5ABD9991F28F}") = "NyukaPrint", "NyukaPrint\NyukaPrint.vbproj", "{CD45A3D5-E905-440F-9C03-53AF27317246}"
	ProjectSection(ProjectDependencies) = postProject
		{F38C221B-17E9-4AB3-8FDA-658A1E265D4F} = {F38C221B-17E9-4AB3-8FDA-658A1E265D4F}
		{B555BCBF-591C-4BD1-95D1-53AB1771EEA5} = {B555BCBF-591C-4BD1-95D1-53AB1771EEA5}
		{1E1B85F1-87D2-4F40-BA16-C3621C8644A0} = {1E1B85F1-87D2-4F40-BA16-C3621C8644A0}
	EndProjectSection
EndProject
Project("{F184B08F-C81C-45F6-A57F-5ABD9991F28F}") = "ClsHandyCommunication", "HandyCommunication\ClsHandyCommunication.vbproj", "{4E4E9937-5EA6-449B-9853-A754C14B6A33}"
	ProjectSection(ProjectDependencies) = postProject
		{B555BCBF-591C-4BD1-95D1-53AB1771EEA5} = {B555BCBF-591C-4BD1-95D1-53AB1771EEA5}
	EndProjectSection
EndProject
Project("{F184B08F-C81C-45F6-A57F-5ABD9991F28F}") = "HandyComm", "HandyComm\HandyComm.vbproj", "{A94326F0-D745-475F-B4CA-4CF1C1749765}"
	ProjectSection(ProjectDependencies) = postProject
		{F38C221B-17E9-4AB3-8FDA-658A1E265D4F} = {F38C221B-17E9-4AB3-8FDA-658A1E265D4F}
		{4E4E9937-5EA6-449B-9853-A754C14B6A33} = {4E4E9937-5EA6-449B-9853-A754C14B6A33}
		{B555BCBF-591C-4BD1-95D1-53AB1771EEA5} = {B555BCBF-591C-4BD1-95D1-53AB1771EEA5}
		{1E1B85F1-87D2-4F40-BA16-C3621C8644A0} = {1E1B85F1-87D2-4F40-BA16-C3621C8644A0}
	EndProjectSection
EndProject
Project("{F184B08F-C81C-45F6-A57F-5ABD9991F28F}") = "NyukaSendCommunication", "NyukaSendCommunication\NyukaSendCommunication.vbproj", "{A2D6C7C6-AB20-460A-8E83-8D96C80F67B0}"
	ProjectSection(ProjectDependencies) = postProject
		{F38C221B-17E9-4AB3-8FDA-658A1E265D4F} = {F38C221B-17E9-4AB3-8FDA-658A1E265D4F}
		{4E4E9937-5EA6-449B-9853-A754C14B6A33} = {4E4E9937-5EA6-449B-9853-A754C14B6A33}
		{B555BCBF-591C-4BD1-95D1-53AB1771EEA5} = {B555BCBF-591C-4BD1-95D1-53AB1771EEA5}
		{1E1B85F1-87D2-4F40-BA16-C3621C8644A0} = {1E1B85F1-87D2-4F40-BA16-C3621C8644A0}
	EndProjectSection
EndProject
Project("{F184B08F-C81C-45F6-A57F-5ABD9991F28F}") = "NyukaReceiveCommunication", "NyukaReceiveCommunication\NyukaReceiveCommunication.vbproj", "{9AD930AE-F4DD-4EA5-8078-6AEE94D07ED5}"
	ProjectSection(ProjectDependencies) = postProject
		{F38C221B-17E9-4AB3-8FDA-658A1E265D4F} = {F38C221B-17E9-4AB3-8FDA-658A1E265D4F}
		{4E4E9937-5EA6-449B-9853-A754C14B6A33} = {4E4E9937-5EA6-449B-9853-A754C14B6A33}
		{7DE21293-5417-4613-826F-4F7540A20C7E} = {7DE21293-5417-4613-826F-4F7540A20C7E}
		{B555BCBF-591C-4BD1-95D1-53AB1771EEA5} = {B555BCBF-591C-4BD1-95D1-53AB1771EEA5}
		{1E1B85F1-87D2-4F40-BA16-C3621C8644A0} = {1E1B85F1-87D2-4F40-BA16-C3621C8644A0}
	EndProjectSection
EndProject
Project("{F184B08F-C81C-45F6-A57F-5ABD9991F28F}") = "SampleForm", "SampleForm\SampleForm.vbproj", "{7B1DDD7A-9985-4805-B2A5-D297DBAC7CEB}"
	ProjectSection(ProjectDependencies) = postProject
		{F38C221B-17E9-4AB3-8FDA-658A1E265D4F} = {F38C221B-17E9-4AB3-8FDA-658A1E265D4F}
	EndProjectSection
EndProject
Project("{F184B08F-C81C-45F6-A57F-5ABD9991F28F}") = "NyukaMenu", "NyukaMenu\NyukaMenu.vbproj", "{91714C60-E506-4F6D-9EC8-D9A3DCDF74BF}"
	ProjectSection(ProjectDependencies) = postProject
		{F38C221B-17E9-4AB3-8FDA-658A1E265D4F} = {F38C221B-17E9-4AB3-8FDA-658A1E265D4F}
		{B555BCBF-591C-4BD1-95D1-53AB1771EEA5} = {B555BCBF-591C-4BD1-95D1-53AB1771EEA5}
		{1E1B85F1-87D2-4F40-BA16-C3621C8644A0} = {1E1B85F1-87D2-4F40-BA16-C3621C8644A0}
	EndProjectSection
EndProject
Project("{F184B08F-C81C-45F6-A57F-5ABD9991F28F}") = "SoudashiMenu", "SoudashiMenu\SoudashiMenu.vbproj", "{817FF3B6-9744-4E82-8B39-D91B5ABC736E}"
	ProjectSection(ProjectDependencies) = postProject
		{F38C221B-17E9-4AB3-8FDA-658A1E265D4F} = {F38C221B-17E9-4AB3-8FDA-658A1E265D4F}
		{B555BCBF-591C-4BD1-95D1-53AB1771EEA5} = {B555BCBF-591C-4BD1-95D1-53AB1771EEA5}
		{1E1B85F1-87D2-4F40-BA16-C3621C8644A0} = {1E1B85F1-87D2-4F40-BA16-C3621C8644A0}
	EndProjectSection
EndProject
Project("{F184B08F-C81C-45F6-A57F-5ABD9991F28F}") = "ShukkaImport", "ShukkaImport\ShukkaImport.vbproj", "{DD854E97-C28A-4713-AA2D-56C20ACE7BFA}"
	ProjectSection(ProjectDependencies) = postProject
		{F38C221B-17E9-4AB3-8FDA-658A1E265D4F} = {F38C221B-17E9-4AB3-8FDA-658A1E265D4F}
		{B555BCBF-591C-4BD1-95D1-53AB1771EEA5} = {B555BCBF-591C-4BD1-95D1-53AB1771EEA5}
		{1E1B85F1-87D2-4F40-BA16-C3621C8644A0} = {1E1B85F1-87D2-4F40-BA16-C3621C8644A0}
	EndProjectSection
EndProject
Project("{F184B08F-C81C-45F6-A57F-5ABD9991F28F}") = "SoudashiSendCommunication", "SoudashiSendCommunication\SoudashiSendCommunication.vbproj", "{6CA0D132-3C2E-46C9-9E8B-2ACEE2659257}"
	ProjectSection(ProjectDependencies) = postProject
		{F38C221B-17E9-4AB3-8FDA-658A1E265D4F} = {F38C221B-17E9-4AB3-8FDA-658A1E265D4F}
		{4E4E9937-5EA6-449B-9853-A754C14B6A33} = {4E4E9937-5EA6-449B-9853-A754C14B6A33}
		{B555BCBF-591C-4BD1-95D1-53AB1771EEA5} = {B555BCBF-591C-4BD1-95D1-53AB1771EEA5}
		{1E1B85F1-87D2-4F40-BA16-C3621C8644A0} = {1E1B85F1-87D2-4F40-BA16-C3621C8644A0}
	EndProjectSection
EndProject
Project("{F184B08F-C81C-45F6-A57F-5ABD9991F28F}") = "TanemakiMenu", "TanemakiMenu\TanemakiMenu.vbproj", "{3A6422B9-3039-4C84-A465-9AF3F6BDED4D}"
	ProjectSection(ProjectDependencies) = postProject
		{F38C221B-17E9-4AB3-8FDA-658A1E265D4F} = {F38C221B-17E9-4AB3-8FDA-658A1E265D4F}
		{B555BCBF-591C-4BD1-95D1-53AB1771EEA5} = {B555BCBF-591C-4BD1-95D1-53AB1771EEA5}
		{1E1B85F1-87D2-4F40-BA16-C3621C8644A0} = {1E1B85F1-87D2-4F40-BA16-C3621C8644A0}
	EndProjectSection
EndProject
Project("{F184B08F-C81C-45F6-A57F-5ABD9991F28F}") = "TanemakiSendCommunication", "TanemakiSendCommunication\TanemakiSendCommunication.vbproj", "{AA9869F7-FA83-4F1A-B9CD-134D396D9155}"
	ProjectSection(ProjectDependencies) = postProject
		{F38C221B-17E9-4AB3-8FDA-658A1E265D4F} = {F38C221B-17E9-4AB3-8FDA-658A1E265D4F}
		{4E4E9937-5EA6-449B-9853-A754C14B6A33} = {4E4E9937-5EA6-449B-9853-A754C14B6A33}
		{B555BCBF-591C-4BD1-95D1-53AB1771EEA5} = {B555BCBF-591C-4BD1-95D1-53AB1771EEA5}
		{1E1B85F1-87D2-4F40-BA16-C3621C8644A0} = {1E1B85F1-87D2-4F40-BA16-C3621C8644A0}
	EndProjectSection
EndProject
Project("{F184B08F-C81C-45F6-A57F-5ABD9991F28F}") = "SoudashiReceiveCommunication", "SoudashiReceiveCommunication\SoudashiReceiveCommunication.vbproj", "{67122FF4-9E6D-4FD5-99C7-91A575B13B0F}"
	ProjectSection(ProjectDependencies) = postProject
		{F38C221B-17E9-4AB3-8FDA-658A1E265D4F} = {F38C221B-17E9-4AB3-8FDA-658A1E265D4F}
		{4E4E9937-5EA6-449B-9853-A754C14B6A33} = {4E4E9937-5EA6-449B-9853-A754C14B6A33}
		{B555BCBF-591C-4BD1-95D1-53AB1771EEA5} = {B555BCBF-591C-4BD1-95D1-53AB1771EEA5}
		{1E1B85F1-87D2-4F40-BA16-C3621C8644A0} = {1E1B85F1-87D2-4F40-BA16-C3621C8644A0}
	EndProjectSection
EndProject
Project("{F184B08F-C81C-45F6-A57F-5ABD9991F28F}") = "TanemakiReceiveCommunication", "TanemakiReceiveCommunication\TanemakiReceiveCommunication.vbproj", "{63552A29-41F4-47BE-99A7-5C29C882F221}"
	ProjectSection(ProjectDependencies) = postProject
		{F38C221B-17E9-4AB3-8FDA-658A1E265D4F} = {F38C221B-17E9-4AB3-8FDA-658A1E265D4F}
		{4E4E9937-5EA6-449B-9853-A754C14B6A33} = {4E4E9937-5EA6-449B-9853-A754C14B6A33}
		{B555BCBF-591C-4BD1-95D1-53AB1771EEA5} = {B555BCBF-591C-4BD1-95D1-53AB1771EEA5}
		{1E1B85F1-87D2-4F40-BA16-C3621C8644A0} = {1E1B85F1-87D2-4F40-BA16-C3621C8644A0}
	EndProjectSection
EndProject
Project("{F184B08F-C81C-45F6-A57F-5ABD9991F28F}") = "ShukkaCheckSendCommunication", "ShukkaCheckSendCommunication\ShukkaCheckSendCommunication.vbproj", "{2D2F147A-3FEB-4EF4-9632-2F708C67C05A}"
	ProjectSection(ProjectDependencies) = postProject
		{F38C221B-17E9-4AB3-8FDA-658A1E265D4F} = {F38C221B-17E9-4AB3-8FDA-658A1E265D4F}
		{4E4E9937-5EA6-449B-9853-A754C14B6A33} = {4E4E9937-5EA6-449B-9853-A754C14B6A33}
		{B555BCBF-591C-4BD1-95D1-53AB1771EEA5} = {B555BCBF-591C-4BD1-95D1-53AB1771EEA5}
		{1E1B85F1-87D2-4F40-BA16-C3621C8644A0} = {1E1B85F1-87D2-4F40-BA16-C3621C8644A0}
	EndProjectSection
EndProject
Project("{F184B08F-C81C-45F6-A57F-5ABD9991F28F}") = "ShukkaCheckRecieveCommunication", "ShukkaCheckRecieveCommunication\ShukkaCheckRecieveCommunication.vbproj", "{BDBE7DBF-5282-4545-8695-4DDCE478A4A4}"
	ProjectSection(ProjectDependencies) = postProject
		{F38C221B-17E9-4AB3-8FDA-658A1E265D4F} = {F38C221B-17E9-4AB3-8FDA-658A1E265D4F}
		{4E4E9937-5EA6-449B-9853-A754C14B6A33} = {4E4E9937-5EA6-449B-9853-A754C14B6A33}
		{B555BCBF-591C-4BD1-95D1-53AB1771EEA5} = {B555BCBF-591C-4BD1-95D1-53AB1771EEA5}
		{1E1B85F1-87D2-4F40-BA16-C3621C8644A0} = {1E1B85F1-87D2-4F40-BA16-C3621C8644A0}
	EndProjectSection
EndProject
Project("{F184B08F-C81C-45F6-A57F-5ABD9991F28F}") = "ItemSendCommunication", "ItemSendCommunication\ItemSendCommunication.vbproj", "{A2372D94-0C45-4C0C-92E8-953FFA540912}"
	ProjectSection(ProjectDependencies) = postProject
		{F38C221B-17E9-4AB3-8FDA-658A1E265D4F} = {F38C221B-17E9-4AB3-8FDA-658A1E265D4F}
		{4E4E9937-5EA6-449B-9853-A754C14B6A33} = {4E4E9937-5EA6-449B-9853-A754C14B6A33}
		{B555BCBF-591C-4BD1-95D1-53AB1771EEA5} = {B555BCBF-591C-4BD1-95D1-53AB1771EEA5}
		{1E1B85F1-87D2-4F40-BA16-C3621C8644A0} = {1E1B85F1-87D2-4F40-BA16-C3621C8644A0}
	EndProjectSection
EndProject
Project("{F184B08F-C81C-45F6-A57F-5ABD9991F28F}") = "TantoSendCommunication", "TantoSendCommunication\TantoSendCommunication.vbproj", "{D87700A4-D08D-4DC4-988F-D44D3890E8EB}"
	ProjectSection(ProjectDependencies) = postProject
		{F38C221B-17E9-4AB3-8FDA-658A1E265D4F} = {F38C221B-17E9-4AB3-8FDA-658A1E265D4F}
		{4E4E9937-5EA6-449B-9853-A754C14B6A33} = {4E4E9937-5EA6-449B-9853-A754C14B6A33}
		{B555BCBF-591C-4BD1-95D1-53AB1771EEA5} = {B555BCBF-591C-4BD1-95D1-53AB1771EEA5}
		{1E1B85F1-87D2-4F40-BA16-C3621C8644A0} = {1E1B85F1-87D2-4F40-BA16-C3621C8644A0}
	EndProjectSection
EndProject
Project("{F184B08F-C81C-45F6-A57F-5ABD9991F28F}") = "ShukkaCheckMenu", "ShukkaCheckMenu\ShukkaCheckMenu.vbproj", "{1800AB8E-C4F5-4FF2-B73B-226CEA5B6FBA}"
	ProjectSection(ProjectDependencies) = postProject
		{F38C221B-17E9-4AB3-8FDA-658A1E265D4F} = {F38C221B-17E9-4AB3-8FDA-658A1E265D4F}
		{B555BCBF-591C-4BD1-95D1-53AB1771EEA5} = {B555BCBF-591C-4BD1-95D1-53AB1771EEA5}
		{1E1B85F1-87D2-4F40-BA16-C3621C8644A0} = {1E1B85F1-87D2-4F40-BA16-C3621C8644A0}
	EndProjectSection
EndProject
Project("{F184B08F-C81C-45F6-A57F-5ABD9991F28F}") = "MasterMaintenanceMain", "MasterMaintenanceMain\MasterMaintenanceMain.vbproj", "{0DFA341A-17FF-4622-B13E-65720EA0B038}"
	ProjectSection(ProjectDependencies) = postProject
		{F38C221B-17E9-4AB3-8FDA-658A1E265D4F} = {F38C221B-17E9-4AB3-8FDA-658A1E265D4F}
		{B555BCBF-591C-4BD1-95D1-53AB1771EEA5} = {B555BCBF-591C-4BD1-95D1-53AB1771EEA5}
		{1E1B85F1-87D2-4F40-BA16-C3621C8644A0} = {1E1B85F1-87D2-4F40-BA16-C3621C8644A0}
	EndProjectSection
EndProject
Project("{F184B08F-C81C-45F6-A57F-5ABD9991F28F}") = "TanaoroshiSendCommunication", "TanaoroshiSendCommunication\TanaoroshiSendCommunication.vbproj", "{28B8A6E0-DDAF-4D28-AB8B-4CF436B1D09E}"
	ProjectSection(ProjectDependencies) = postProject
		{F38C221B-17E9-4AB3-8FDA-658A1E265D4F} = {F38C221B-17E9-4AB3-8FDA-658A1E265D4F}
		{4E4E9937-5EA6-449B-9853-A754C14B6A33} = {4E4E9937-5EA6-449B-9853-A754C14B6A33}
		{B555BCBF-591C-4BD1-95D1-53AB1771EEA5} = {B555BCBF-591C-4BD1-95D1-53AB1771EEA5}
		{1E1B85F1-87D2-4F40-BA16-C3621C8644A0} = {1E1B85F1-87D2-4F40-BA16-C3621C8644A0}
	EndProjectSection
EndProject
Project("{F184B08F-C81C-45F6-A57F-5ABD9991F28F}") = "TanaoroshiMenu", "TanaoroshiMenu\TanaoroshiMenu.vbproj", "{E4E0318D-CE2F-4A8B-835F-F76C0EDF85E4}"
	ProjectSection(ProjectDependencies) = postProject
		{F38C221B-17E9-4AB3-8FDA-658A1E265D4F} = {F38C221B-17E9-4AB3-8FDA-658A1E265D4F}
		{B555BCBF-591C-4BD1-95D1-53AB1771EEA5} = {B555BCBF-591C-4BD1-95D1-53AB1771EEA5}
		{1E1B85F1-87D2-4F40-BA16-C3621C8644A0} = {1E1B85F1-87D2-4F40-BA16-C3621C8644A0}
	EndProjectSection
EndProject
Project("{F184B08F-C81C-45F6-A57F-5ABD9991F28F}") = "TanaoroshiReceiveCommunication", "TanaoroshiReceiveCommunication\TanaoroshiReceiveCommunication.vbproj", "{66925C85-05F9-4835-843E-297690B2AB76}"
	ProjectSection(ProjectDependencies) = postProject
		{F38C221B-17E9-4AB3-8FDA-658A1E265D4F} = {F38C221B-17E9-4AB3-8FDA-658A1E265D4F}
		{4E4E9937-5EA6-449B-9853-A754C14B6A33} = {4E4E9937-5EA6-449B-9853-A754C14B6A33}
		{B555BCBF-591C-4BD1-95D1-53AB1771EEA5} = {B555BCBF-591C-4BD1-95D1-53AB1771EEA5}
		{1E1B85F1-87D2-4F40-BA16-C3621C8644A0} = {1E1B85F1-87D2-4F40-BA16-C3621C8644A0}
	EndProjectSection
EndProject
Project("{F184B08F-C81C-45F6-A57F-5ABD9991F28F}") = "TanaoroshiImport", "TanaoroshiImport\TanaoroshiImport.vbproj", "{9ACDCED0-299F-4234-BF17-3FE08221E177}"
	ProjectSection(ProjectDependencies) = postProject
		{F38C221B-17E9-4AB3-8FDA-658A1E265D4F} = {F38C221B-17E9-4AB3-8FDA-658A1E265D4F}
		{B555BCBF-591C-4BD1-95D1-53AB1771EEA5} = {B555BCBF-591C-4BD1-95D1-53AB1771EEA5}
		{1E1B85F1-87D2-4F40-BA16-C3621C8644A0} = {1E1B85F1-87D2-4F40-BA16-C3621C8644A0}
	EndProjectSection
EndProject
Global
	GlobalSection(SolutionConfigurationPlatforms) = preSolution
		Debug|Any CPU = Debug|Any CPU
		Debug|x64 = Debug|x64
		Debug|x86 = Debug|x86
		Release|Any CPU = Release|Any CPU
		Release|x64 = Release|x64
		Release|x86 = Release|x86
	EndGlobalSection
	GlobalSection(ProjectConfigurationPlatforms) = postSolution
		{1C1B71C4-112E-40C8-AF21-07B414C6BEFE}.Debug|Any CPU.ActiveCfg = Debug|Any CPU
		{1C1B71C4-112E-40C8-AF21-07B414C6BEFE}.Debug|Any CPU.Build.0 = Debug|Any CPU
		{1C1B71C4-112E-40C8-AF21-07B414C6BEFE}.Debug|x64.ActiveCfg = Debug|x64
		{1C1B71C4-112E-40C8-AF21-07B414C6BEFE}.Debug|x64.Build.0 = Debug|x64
		{1C1B71C4-112E-40C8-AF21-07B414C6BEFE}.Debug|x86.ActiveCfg = Debug|x86
		{1C1B71C4-112E-40C8-AF21-07B414C6BEFE}.Debug|x86.Build.0 = Debug|x86
		{1C1B71C4-112E-40C8-AF21-07B414C6BEFE}.Release|Any CPU.ActiveCfg = Release|Any CPU
		{1C1B71C4-112E-40C8-AF21-07B414C6BEFE}.Release|Any CPU.Build.0 = Release|Any CPU
		{1C1B71C4-112E-40C8-AF21-07B414C6BEFE}.Release|x64.ActiveCfg = Release|x64
		{1C1B71C4-112E-40C8-AF21-07B414C6BEFE}.Release|x64.Build.0 = Release|x64
		{1C1B71C4-112E-40C8-AF21-07B414C6BEFE}.Release|x86.ActiveCfg = Release|x86
		{1C1B71C4-112E-40C8-AF21-07B414C6BEFE}.Release|x86.Build.0 = Release|x86
		{B555BCBF-591C-4BD1-95D1-53AB1771EEA5}.Debug|Any CPU.ActiveCfg = Debug|Any CPU
		{B555BCBF-591C-4BD1-95D1-53AB1771EEA5}.Debug|Any CPU.Build.0 = Debug|Any CPU
		{B555BCBF-591C-4BD1-95D1-53AB1771EEA5}.Debug|x64.ActiveCfg = Debug|x64
		{B555BCBF-591C-4BD1-95D1-53AB1771EEA5}.Debug|x64.Build.0 = Debug|x64
		{B555BCBF-591C-4BD1-95D1-53AB1771EEA5}.Debug|x86.ActiveCfg = Debug|x86
		{B555BCBF-591C-4BD1-95D1-53AB1771EEA5}.Debug|x86.Build.0 = Debug|x86
		{B555BCBF-591C-4BD1-95D1-53AB1771EEA5}.Release|Any CPU.ActiveCfg = Release|Any CPU
		{B555BCBF-591C-4BD1-95D1-53AB1771EEA5}.Release|Any CPU.Build.0 = Release|Any CPU
		{B555BCBF-591C-4BD1-95D1-53AB1771EEA5}.Release|x64.ActiveCfg = Release|x64
		{B555BCBF-591C-4BD1-95D1-53AB1771EEA5}.Release|x64.Build.0 = Release|x64
		{B555BCBF-591C-4BD1-95D1-53AB1771EEA5}.Release|x86.ActiveCfg = Release|x86
		{B555BCBF-591C-4BD1-95D1-53AB1771EEA5}.Release|x86.Build.0 = Release|x86
		{1E1B85F1-87D2-4F40-BA16-C3621C8644A0}.Debug|Any CPU.ActiveCfg = Debug|Any CPU
		{1E1B85F1-87D2-4F40-BA16-C3621C8644A0}.Debug|Any CPU.Build.0 = Debug|Any CPU
		{1E1B85F1-87D2-4F40-BA16-C3621C8644A0}.Debug|x64.ActiveCfg = Debug|x64
		{1E1B85F1-87D2-4F40-BA16-C3621C8644A0}.Debug|x64.Build.0 = Debug|x64
		{1E1B85F1-87D2-4F40-BA16-C3621C8644A0}.Debug|x86.ActiveCfg = Debug|x86
		{1E1B85F1-87D2-4F40-BA16-C3621C8644A0}.Debug|x86.Build.0 = Debug|x86
		{1E1B85F1-87D2-4F40-BA16-C3621C8644A0}.Release|Any CPU.ActiveCfg = Release|Any CPU
		{1E1B85F1-87D2-4F40-BA16-C3621C8644A0}.Release|Any CPU.Build.0 = Release|Any CPU
		{1E1B85F1-87D2-4F40-BA16-C3621C8644A0}.Release|x64.ActiveCfg = Release|x64
		{1E1B85F1-87D2-4F40-BA16-C3621C8644A0}.Release|x64.Build.0 = Release|x64
		{1E1B85F1-87D2-4F40-BA16-C3621C8644A0}.Release|x86.ActiveCfg = Release|x86
		{1E1B85F1-87D2-4F40-BA16-C3621C8644A0}.Release|x86.Build.0 = Release|x86
		{F38C221B-17E9-4AB3-8FDA-658A1E265D4F}.Debug|Any CPU.ActiveCfg = Debug|Any CPU
		{F38C221B-17E9-4AB3-8FDA-658A1E265D4F}.Debug|Any CPU.Build.0 = Debug|Any CPU
		{F38C221B-17E9-4AB3-8FDA-658A1E265D4F}.Debug|x64.ActiveCfg = Debug|x64
		{F38C221B-17E9-4AB3-8FDA-658A1E265D4F}.Debug|x64.Build.0 = Debug|x64
		{F38C221B-17E9-4AB3-8FDA-658A1E265D4F}.Debug|x86.ActiveCfg = Debug|x86
		{F38C221B-17E9-4AB3-8FDA-658A1E265D4F}.Debug|x86.Build.0 = Debug|x86
		{F38C221B-17E9-4AB3-8FDA-658A1E265D4F}.Release|Any CPU.ActiveCfg = Release|Any CPU
		{F38C221B-17E9-4AB3-8FDA-658A1E265D4F}.Release|Any CPU.Build.0 = Release|Any CPU
		{F38C221B-17E9-4AB3-8FDA-658A1E265D4F}.Release|x64.ActiveCfg = Release|x64
		{F38C221B-17E9-4AB3-8FDA-658A1E265D4F}.Release|x64.Build.0 = Release|x64
		{F38C221B-17E9-4AB3-8FDA-658A1E265D4F}.Release|x86.ActiveCfg = Release|x86
		{F38C221B-17E9-4AB3-8FDA-658A1E265D4F}.Release|x86.Build.0 = Release|x86
		{0CEF3710-7F88-46ED-A0D3-E6D6FF778F1D}.Debug|Any CPU.ActiveCfg = Debug|Any CPU
		{0CEF3710-7F88-46ED-A0D3-E6D6FF778F1D}.Debug|Any CPU.Build.0 = Debug|Any CPU
		{0CEF3710-7F88-46ED-A0D3-E6D6FF778F1D}.Debug|x64.ActiveCfg = Debug|x64
		{0CEF3710-7F88-46ED-A0D3-E6D6FF778F1D}.Debug|x64.Build.0 = Debug|x64
		{0CEF3710-7F88-46ED-A0D3-E6D6FF778F1D}.Debug|x86.ActiveCfg = Debug|x86
		{0CEF3710-7F88-46ED-A0D3-E6D6FF778F1D}.Debug|x86.Build.0 = Debug|x86
		{0CEF3710-7F88-46ED-A0D3-E6D6FF778F1D}.Release|Any CPU.ActiveCfg = Release|Any CPU
		{0CEF3710-7F88-46ED-A0D3-E6D6FF778F1D}.Release|Any CPU.Build.0 = Release|Any CPU
		{0CEF3710-7F88-46ED-A0D3-E6D6FF778F1D}.Release|x64.ActiveCfg = Release|x64
		{0CEF3710-7F88-46ED-A0D3-E6D6FF778F1D}.Release|x64.Build.0 = Release|x64
		{0CEF3710-7F88-46ED-A0D3-E6D6FF778F1D}.Release|x86.ActiveCfg = Release|x86
		{0CEF3710-7F88-46ED-A0D3-E6D6FF778F1D}.Release|x86.Build.0 = Release|x86
		{DF641FF4-31E4-4865-A1DF-77843FC541F1}.Debug|Any CPU.ActiveCfg = Debug|Any CPU
		{DF641FF4-31E4-4865-A1DF-77843FC541F1}.Debug|Any CPU.Build.0 = Debug|Any CPU
		{DF641FF4-31E4-4865-A1DF-77843FC541F1}.Debug|x64.ActiveCfg = Debug|x64
		{DF641FF4-31E4-4865-A1DF-77843FC541F1}.Debug|x64.Build.0 = Debug|x64
		{DF641FF4-31E4-4865-A1DF-77843FC541F1}.Debug|x86.ActiveCfg = Debug|x86
		{DF641FF4-31E4-4865-A1DF-77843FC541F1}.Debug|x86.Build.0 = Debug|x86
		{DF641FF4-31E4-4865-A1DF-77843FC541F1}.Release|Any CPU.ActiveCfg = Release|Any CPU
		{DF641FF4-31E4-4865-A1DF-77843FC541F1}.Release|Any CPU.Build.0 = Release|Any CPU
		{DF641FF4-31E4-4865-A1DF-77843FC541F1}.Release|x64.ActiveCfg = Release|x64
		{DF641FF4-31E4-4865-A1DF-77843FC541F1}.Release|x64.Build.0 = Release|x64
		{DF641FF4-31E4-4865-A1DF-77843FC541F1}.Release|x86.ActiveCfg = Release|x86
		{DF641FF4-31E4-4865-A1DF-77843FC541F1}.Release|x86.Build.0 = Release|x86
		{7DE21293-5417-4613-826F-4F7540A20C7E}.Debug|Any CPU.ActiveCfg = Debug|Any CPU
		{7DE21293-5417-4613-826F-4F7540A20C7E}.Debug|Any CPU.Build.0 = Debug|Any CPU
		{7DE21293-5417-4613-826F-4F7540A20C7E}.Debug|x64.ActiveCfg = Debug|x64
		{7DE21293-5417-4613-826F-4F7540A20C7E}.Debug|x64.Build.0 = Debug|x64
		{7DE21293-5417-4613-826F-4F7540A20C7E}.Debug|x86.ActiveCfg = Debug|x86
		{7DE21293-5417-4613-826F-4F7540A20C7E}.Debug|x86.Build.0 = Debug|x86
		{7DE21293-5417-4613-826F-4F7540A20C7E}.Release|Any CPU.ActiveCfg = Release|Any CPU
		{7DE21293-5417-4613-826F-4F7540A20C7E}.Release|Any CPU.Build.0 = Release|Any CPU
		{7DE21293-5417-4613-826F-4F7540A20C7E}.Release|x64.ActiveCfg = Release|x64
		{7DE21293-5417-4613-826F-4F7540A20C7E}.Release|x64.Build.0 = Release|x64
		{7DE21293-5417-4613-826F-4F7540A20C7E}.Release|x86.ActiveCfg = Release|x86
		{7DE21293-5417-4613-826F-4F7540A20C7E}.Release|x86.Build.0 = Release|x86
		{AC94D75B-0C28-45D3-870C-9A243E9F8CE3}.Debug|Any CPU.ActiveCfg = Debug|Any CPU
		{AC94D75B-0C28-45D3-870C-9A243E9F8CE3}.Debug|Any CPU.Build.0 = Debug|Any CPU
		{AC94D75B-0C28-45D3-870C-9A243E9F8CE3}.Debug|x64.ActiveCfg = Debug|x64
		{AC94D75B-0C28-45D3-870C-9A243E9F8CE3}.Debug|x64.Build.0 = Debug|x64
		{AC94D75B-0C28-45D3-870C-9A243E9F8CE3}.Debug|x86.ActiveCfg = Debug|x86
		{AC94D75B-0C28-45D3-870C-9A243E9F8CE3}.Debug|x86.Build.0 = Debug|x86
		{AC94D75B-0C28-45D3-870C-9A243E9F8CE3}.Release|Any CPU.ActiveCfg = Release|Any CPU
		{AC94D75B-0C28-45D3-870C-9A243E9F8CE3}.Release|Any CPU.Build.0 = Release|Any CPU
		{AC94D75B-0C28-45D3-870C-9A243E9F8CE3}.Release|x64.ActiveCfg = Release|x64
		{AC94D75B-0C28-45D3-870C-9A243E9F8CE3}.Release|x64.Build.0 = Release|x64
		{AC94D75B-0C28-45D3-870C-9A243E9F8CE3}.Release|x86.ActiveCfg = Release|x86
		{AC94D75B-0C28-45D3-870C-9A243E9F8CE3}.Release|x86.Build.0 = Release|x86
		{57D5DE8A-C64D-4399-B33B-061A2BDAF34B}.Debug|Any CPU.ActiveCfg = Debug|Any CPU
		{57D5DE8A-C64D-4399-B33B-061A2BDAF34B}.Debug|Any CPU.Build.0 = Debug|Any CPU
		{57D5DE8A-C64D-4399-B33B-061A2BDAF34B}.Debug|x64.ActiveCfg = Debug|x64
		{57D5DE8A-C64D-4399-B33B-061A2BDAF34B}.Debug|x64.Build.0 = Debug|x64
		{57D5DE8A-C64D-4399-B33B-061A2BDAF34B}.Debug|x86.ActiveCfg = Debug|x86
		{57D5DE8A-C64D-4399-B33B-061A2BDAF34B}.Debug|x86.Build.0 = Debug|x86
		{57D5DE8A-C64D-4399-B33B-061A2BDAF34B}.Release|Any CPU.ActiveCfg = Release|Any CPU
		{57D5DE8A-C64D-4399-B33B-061A2BDAF34B}.Release|Any CPU.Build.0 = Release|Any CPU
		{57D5DE8A-C64D-4399-B33B-061A2BDAF34B}.Release|x64.ActiveCfg = Release|Any CPU
		{57D5DE8A-C64D-4399-B33B-061A2BDAF34B}.Release|x64.Build.0 = Release|Any CPU
		{57D5DE8A-C64D-4399-B33B-061A2BDAF34B}.Release|x86.ActiveCfg = Release|Any CPU
		{57D5DE8A-C64D-4399-B33B-061A2BDAF34B}.Release|x86.Build.0 = Release|Any CPU
		{CD45A3D5-E905-440F-9C03-53AF27317246}.Debug|Any CPU.ActiveCfg = Debug|Any CPU
		{CD45A3D5-E905-440F-9C03-53AF27317246}.Debug|Any CPU.Build.0 = Debug|Any CPU
		{CD45A3D5-E905-440F-9C03-53AF27317246}.Debug|x64.ActiveCfg = Debug|Any CPU
		{CD45A3D5-E905-440F-9C03-53AF27317246}.Debug|x64.Build.0 = Debug|Any CPU
		{CD45A3D5-E905-440F-9C03-53AF27317246}.Debug|x86.ActiveCfg = Debug|Any CPU
		{CD45A3D5-E905-440F-9C03-53AF27317246}.Debug|x86.Build.0 = Debug|Any CPU
		{CD45A3D5-E905-440F-9C03-53AF27317246}.Release|Any CPU.ActiveCfg = Release|Any CPU
		{CD45A3D5-E905-440F-9C03-53AF27317246}.Release|Any CPU.Build.0 = Release|Any CPU
		{CD45A3D5-E905-440F-9C03-53AF27317246}.Release|x64.ActiveCfg = Release|Any CPU
		{CD45A3D5-E905-440F-9C03-53AF27317246}.Release|x64.Build.0 = Release|Any CPU
		{CD45A3D5-E905-440F-9C03-53AF27317246}.Release|x86.ActiveCfg = Release|Any CPU
		{CD45A3D5-E905-440F-9C03-53AF27317246}.Release|x86.Build.0 = Release|Any CPU
		{4E4E9937-5EA6-449B-9853-A754C14B6A33}.Debug|Any CPU.ActiveCfg = Debug|Any CPU
		{4E4E9937-5EA6-449B-9853-A754C14B6A33}.Debug|Any CPU.Build.0 = Debug|Any CPU
		{4E4E9937-5EA6-449B-9853-A754C14B6A33}.Debug|x64.ActiveCfg = Debug|Any CPU
		{4E4E9937-5EA6-449B-9853-A754C14B6A33}.Debug|x64.Build.0 = Debug|Any CPU
		{4E4E9937-5EA6-449B-9853-A754C14B6A33}.Debug|x86.ActiveCfg = Debug|Any CPU
		{4E4E9937-5EA6-449B-9853-A754C14B6A33}.Debug|x86.Build.0 = Debug|Any CPU
		{4E4E9937-5EA6-449B-9853-A754C14B6A33}.Release|Any CPU.ActiveCfg = Release|Any CPU
		{4E4E9937-5EA6-449B-9853-A754C14B6A33}.Release|Any CPU.Build.0 = Release|Any CPU
		{4E4E9937-5EA6-449B-9853-A754C14B6A33}.Release|x64.ActiveCfg = Release|Any CPU
		{4E4E9937-5EA6-449B-9853-A754C14B6A33}.Release|x64.Build.0 = Release|Any CPU
		{4E4E9937-5EA6-449B-9853-A754C14B6A33}.Release|x86.ActiveCfg = Release|Any CPU
		{4E4E9937-5EA6-449B-9853-A754C14B6A33}.Release|x86.Build.0 = Release|Any CPU
		{A94326F0-D745-475F-B4CA-4CF1C1749765}.Debug|Any CPU.ActiveCfg = Debug|Any CPU
		{A94326F0-D745-475F-B4CA-4CF1C1749765}.Debug|Any CPU.Build.0 = Debug|Any CPU
		{A94326F0-D745-475F-B4CA-4CF1C1749765}.Debug|x64.ActiveCfg = Debug|Any CPU
		{A94326F0-D745-475F-B4CA-4CF1C1749765}.Debug|x64.Build.0 = Debug|Any CPU
		{A94326F0-D745-475F-B4CA-4CF1C1749765}.Debug|x86.ActiveCfg = Debug|Any CPU
		{A94326F0-D745-475F-B4CA-4CF1C1749765}.Debug|x86.Build.0 = Debug|Any CPU
		{A94326F0-D745-475F-B4CA-4CF1C1749765}.Release|Any CPU.ActiveCfg = Release|Any CPU
		{A94326F0-D745-475F-B4CA-4CF1C1749765}.Release|Any CPU.Build.0 = Release|Any CPU
		{A94326F0-D745-475F-B4CA-4CF1C1749765}.Release|x64.ActiveCfg = Release|Any CPU
		{A94326F0-D745-475F-B4CA-4CF1C1749765}.Release|x64.Build.0 = Release|Any CPU
		{A94326F0-D745-475F-B4CA-4CF1C1749765}.Release|x86.ActiveCfg = Release|Any CPU
		{A94326F0-D745-475F-B4CA-4CF1C1749765}.Release|x86.Build.0 = Release|Any CPU
		{A2D6C7C6-AB20-460A-8E83-8D96C80F67B0}.Debug|Any CPU.ActiveCfg = Debug|Any CPU
		{A2D6C7C6-AB20-460A-8E83-8D96C80F67B0}.Debug|Any CPU.Build.0 = Debug|Any CPU
		{A2D6C7C6-AB20-460A-8E83-8D96C80F67B0}.Debug|x64.ActiveCfg = Debug|Any CPU
		{A2D6C7C6-AB20-460A-8E83-8D96C80F67B0}.Debug|x64.Build.0 = Debug|Any CPU
		{A2D6C7C6-AB20-460A-8E83-8D96C80F67B0}.Debug|x86.ActiveCfg = Debug|Any CPU
		{A2D6C7C6-AB20-460A-8E83-8D96C80F67B0}.Debug|x86.Build.0 = Debug|Any CPU
		{A2D6C7C6-AB20-460A-8E83-8D96C80F67B0}.Release|Any CPU.ActiveCfg = Release|Any CPU
		{A2D6C7C6-AB20-460A-8E83-8D96C80F67B0}.Release|Any CPU.Build.0 = Release|Any CPU
		{A2D6C7C6-AB20-460A-8E83-8D96C80F67B0}.Release|x64.ActiveCfg = Release|Any CPU
		{A2D6C7C6-AB20-460A-8E83-8D96C80F67B0}.Release|x64.Build.0 = Release|Any CPU
		{A2D6C7C6-AB20-460A-8E83-8D96C80F67B0}.Release|x86.ActiveCfg = Release|Any CPU
		{A2D6C7C6-AB20-460A-8E83-8D96C80F67B0}.Release|x86.Build.0 = Release|Any CPU
		{9AD930AE-F4DD-4EA5-8078-6AEE94D07ED5}.Debug|Any CPU.ActiveCfg = Debug|Any CPU
		{9AD930AE-F4DD-4EA5-8078-6AEE94D07ED5}.Debug|Any CPU.Build.0 = Debug|Any CPU
		{9AD930AE-F4DD-4EA5-8078-6AEE94D07ED5}.Debug|x64.ActiveCfg = Debug|Any CPU
		{9AD930AE-F4DD-4EA5-8078-6AEE94D07ED5}.Debug|x64.Build.0 = Debug|Any CPU
		{9AD930AE-F4DD-4EA5-8078-6AEE94D07ED5}.Debug|x86.ActiveCfg = Debug|Any CPU
		{9AD930AE-F4DD-4EA5-8078-6AEE94D07ED5}.Debug|x86.Build.0 = Debug|Any CPU
		{9AD930AE-F4DD-4EA5-8078-6AEE94D07ED5}.Release|Any CPU.ActiveCfg = Release|Any CPU
		{9AD930AE-F4DD-4EA5-8078-6AEE94D07ED5}.Release|Any CPU.Build.0 = Release|Any CPU
		{9AD930AE-F4DD-4EA5-8078-6AEE94D07ED5}.Release|x64.ActiveCfg = Release|Any CPU
		{9AD930AE-F4DD-4EA5-8078-6AEE94D07ED5}.Release|x64.Build.0 = Release|Any CPU
		{9AD930AE-F4DD-4EA5-8078-6AEE94D07ED5}.Release|x86.ActiveCfg = Release|Any CPU
		{9AD930AE-F4DD-4EA5-8078-6AEE94D07ED5}.Release|x86.Build.0 = Release|Any CPU
		{7B1DDD7A-9985-4805-B2A5-D297DBAC7CEB}.Debug|Any CPU.ActiveCfg = Debug|Any CPU
		{7B1DDD7A-9985-4805-B2A5-D297DBAC7CEB}.Debug|Any CPU.Build.0 = Debug|Any CPU
		{7B1DDD7A-9985-4805-B2A5-D297DBAC7CEB}.Debug|x64.ActiveCfg = Debug|Any CPU
		{7B1DDD7A-9985-4805-B2A5-D297DBAC7CEB}.Debug|x64.Build.0 = Debug|Any CPU
		{7B1DDD7A-9985-4805-B2A5-D297DBAC7CEB}.Debug|x86.ActiveCfg = Debug|Any CPU
		{7B1DDD7A-9985-4805-B2A5-D297DBAC7CEB}.Debug|x86.Build.0 = Debug|Any CPU
		{7B1DDD7A-9985-4805-B2A5-D297DBAC7CEB}.Release|Any CPU.ActiveCfg = Release|Any CPU
		{7B1DDD7A-9985-4805-B2A5-D297DBAC7CEB}.Release|Any CPU.Build.0 = Release|Any CPU
		{7B1DDD7A-9985-4805-B2A5-D297DBAC7CEB}.Release|x64.ActiveCfg = Release|Any CPU
		{7B1DDD7A-9985-4805-B2A5-D297DBAC7CEB}.Release|x64.Build.0 = Release|Any CPU
		{7B1DDD7A-9985-4805-B2A5-D297DBAC7CEB}.Release|x86.ActiveCfg = Release|Any CPU
		{7B1DDD7A-9985-4805-B2A5-D297DBAC7CEB}.Release|x86.Build.0 = Release|Any CPU
		{91714C60-E506-4F6D-9EC8-D9A3DCDF74BF}.Debug|Any CPU.ActiveCfg = Debug|Any CPU
		{91714C60-E506-4F6D-9EC8-D9A3DCDF74BF}.Debug|Any CPU.Build.0 = Debug|Any CPU
		{91714C60-E506-4F6D-9EC8-D9A3DCDF74BF}.Debug|x64.ActiveCfg = Debug|Any CPU
		{91714C60-E506-4F6D-9EC8-D9A3DCDF74BF}.Debug|x64.Build.0 = Debug|Any CPU
		{91714C60-E506-4F6D-9EC8-D9A3DCDF74BF}.Debug|x86.ActiveCfg = Debug|Any CPU
		{91714C60-E506-4F6D-9EC8-D9A3DCDF74BF}.Debug|x86.Build.0 = Debug|Any CPU
		{91714C60-E506-4F6D-9EC8-D9A3DCDF74BF}.Release|Any CPU.ActiveCfg = Release|Any CPU
		{91714C60-E506-4F6D-9EC8-D9A3DCDF74BF}.Release|Any CPU.Build.0 = Release|Any CPU
		{91714C60-E506-4F6D-9EC8-D9A3DCDF74BF}.Release|x64.ActiveCfg = Release|Any CPU
		{91714C60-E506-4F6D-9EC8-D9A3DCDF74BF}.Release|x64.Build.0 = Release|Any CPU
		{91714C60-E506-4F6D-9EC8-D9A3DCDF74BF}.Release|x86.ActiveCfg = Release|Any CPU
		{91714C60-E506-4F6D-9EC8-D9A3DCDF74BF}.Release|x86.Build.0 = Release|Any CPU
		{817FF3B6-9744-4E82-8B39-D91B5ABC736E}.Debug|Any CPU.ActiveCfg = Debug|Any CPU
		{817FF3B6-9744-4E82-8B39-D91B5ABC736E}.Debug|Any CPU.Build.0 = Debug|Any CPU
		{817FF3B6-9744-4E82-8B39-D91B5ABC736E}.Debug|x64.ActiveCfg = Debug|Any CPU
		{817FF3B6-9744-4E82-8B39-D91B5ABC736E}.Debug|x64.Build.0 = Debug|Any CPU
		{817FF3B6-9744-4E82-8B39-D91B5ABC736E}.Debug|x86.ActiveCfg = Debug|Any CPU
		{817FF3B6-9744-4E82-8B39-D91B5ABC736E}.Debug|x86.Build.0 = Debug|Any CPU
		{817FF3B6-9744-4E82-8B39-D91B5ABC736E}.Release|Any CPU.ActiveCfg = Release|Any CPU
		{817FF3B6-9744-4E82-8B39-D91B5ABC736E}.Release|Any CPU.Build.0 = Release|Any CPU
		{817FF3B6-9744-4E82-8B39-D91B5ABC736E}.Release|x64.ActiveCfg = Release|Any CPU
		{817FF3B6-9744-4E82-8B39-D91B5ABC736E}.Release|x64.Build.0 = Release|Any CPU
		{817FF3B6-9744-4E82-8B39-D91B5ABC736E}.Release|x86.ActiveCfg = Release|Any CPU
		{817FF3B6-9744-4E82-8B39-D91B5ABC736E}.Release|x86.Build.0 = Release|Any CPU
		{DD854E97-C28A-4713-AA2D-56C20ACE7BFA}.Debug|Any CPU.ActiveCfg = Debug|Any CPU
		{DD854E97-C28A-4713-AA2D-56C20ACE7BFA}.Debug|Any CPU.Build.0 = Debug|Any CPU
		{DD854E97-C28A-4713-AA2D-56C20ACE7BFA}.Debug|x64.ActiveCfg = Debug|Any CPU
		{DD854E97-C28A-4713-AA2D-56C20ACE7BFA}.Debug|x64.Build.0 = Debug|Any CPU
		{DD854E97-C28A-4713-AA2D-56C20ACE7BFA}.Debug|x86.ActiveCfg = Debug|Any CPU
		{DD854E97-C28A-4713-AA2D-56C20ACE7BFA}.Debug|x86.Build.0 = Debug|Any CPU
		{DD854E97-C28A-4713-AA2D-56C20ACE7BFA}.Release|Any CPU.ActiveCfg = Release|Any CPU
		{DD854E97-C28A-4713-AA2D-56C20ACE7BFA}.Release|Any CPU.Build.0 = Release|Any CPU
		{DD854E97-C28A-4713-AA2D-56C20ACE7BFA}.Release|x64.ActiveCfg = Release|Any CPU
		{DD854E97-C28A-4713-AA2D-56C20ACE7BFA}.Release|x64.Build.0 = Release|Any CPU
		{DD854E97-C28A-4713-AA2D-56C20ACE7BFA}.Release|x86.ActiveCfg = Release|Any CPU
		{DD854E97-C28A-4713-AA2D-56C20ACE7BFA}.Release|x86.Build.0 = Release|Any CPU
		{6CA0D132-3C2E-46C9-9E8B-2ACEE2659257}.Debug|Any CPU.ActiveCfg = Debug|Any CPU
		{6CA0D132-3C2E-46C9-9E8B-2ACEE2659257}.Debug|Any CPU.Build.0 = Debug|Any CPU
		{6CA0D132-3C2E-46C9-9E8B-2ACEE2659257}.Debug|x64.ActiveCfg = Debug|Any CPU
		{6CA0D132-3C2E-46C9-9E8B-2ACEE2659257}.Debug|x64.Build.0 = Debug|Any CPU
		{6CA0D132-3C2E-46C9-9E8B-2ACEE2659257}.Debug|x86.ActiveCfg = Debug|Any CPU
		{6CA0D132-3C2E-46C9-9E8B-2ACEE2659257}.Debug|x86.Build.0 = Debug|Any CPU
		{6CA0D132-3C2E-46C9-9E8B-2ACEE2659257}.Release|Any CPU.ActiveCfg = Release|Any CPU
		{6CA0D132-3C2E-46C9-9E8B-2ACEE2659257}.Release|Any CPU.Build.0 = Release|Any CPU
		{6CA0D132-3C2E-46C9-9E8B-2ACEE2659257}.Release|x64.ActiveCfg = Release|Any CPU
		{6CA0D132-3C2E-46C9-9E8B-2ACEE2659257}.Release|x64.Build.0 = Release|Any CPU
		{6CA0D132-3C2E-46C9-9E8B-2ACEE2659257}.Release|x86.ActiveCfg = Release|Any CPU
		{6CA0D132-3C2E-46C9-9E8B-2ACEE2659257}.Release|x86.Build.0 = Release|Any CPU
		{3A6422B9-3039-4C84-A465-9AF3F6BDED4D}.Debug|Any CPU.ActiveCfg = Debug|Any CPU
		{3A6422B9-3039-4C84-A465-9AF3F6BDED4D}.Debug|Any CPU.Build.0 = Debug|Any CPU
		{3A6422B9-3039-4C84-A465-9AF3F6BDED4D}.Debug|x64.ActiveCfg = Debug|Any CPU
		{3A6422B9-3039-4C84-A465-9AF3F6BDED4D}.Debug|x64.Build.0 = Debug|Any CPU
		{3A6422B9-3039-4C84-A465-9AF3F6BDED4D}.Debug|x86.ActiveCfg = Debug|Any CPU
		{3A6422B9-3039-4C84-A465-9AF3F6BDED4D}.Debug|x86.Build.0 = Debug|Any CPU
		{3A6422B9-3039-4C84-A465-9AF3F6BDED4D}.Release|Any CPU.ActiveCfg = Release|Any CPU
		{3A6422B9-3039-4C84-A465-9AF3F6BDED4D}.Release|Any CPU.Build.0 = Release|Any CPU
		{3A6422B9-3039-4C84-A465-9AF3F6BDED4D}.Release|x64.ActiveCfg = Release|Any CPU
		{3A6422B9-3039-4C84-A465-9AF3F6BDED4D}.Release|x64.Build.0 = Release|Any CPU
		{3A6422B9-3039-4C84-A465-9AF3F6BDED4D}.Release|x86.ActiveCfg = Release|Any CPU
		{3A6422B9-3039-4C84-A465-9AF3F6BDED4D}.Release|x86.Build.0 = Release|Any CPU
		{AA9869F7-FA83-4F1A-B9CD-134D396D9155}.Debug|Any CPU.ActiveCfg = Debug|Any CPU
		{AA9869F7-FA83-4F1A-B9CD-134D396D9155}.Debug|Any CPU.Build.0 = Debug|Any CPU
		{AA9869F7-FA83-4F1A-B9CD-134D396D9155}.Debug|x64.ActiveCfg = Debug|Any CPU
		{AA9869F7-FA83-4F1A-B9CD-134D396D9155}.Debug|x64.Build.0 = Debug|Any CPU
		{AA9869F7-FA83-4F1A-B9CD-134D396D9155}.Debug|x86.ActiveCfg = Debug|Any CPU
		{AA9869F7-FA83-4F1A-B9CD-134D396D9155}.Debug|x86.Build.0 = Debug|Any CPU
		{AA9869F7-FA83-4F1A-B9CD-134D396D9155}.Release|Any CPU.ActiveCfg = Release|Any CPU
		{AA9869F7-FA83-4F1A-B9CD-134D396D9155}.Release|Any CPU.Build.0 = Release|Any CPU
		{AA9869F7-FA83-4F1A-B9CD-134D396D9155}.Release|x64.ActiveCfg = Release|Any CPU
		{AA9869F7-FA83-4F1A-B9CD-134D396D9155}.Release|x64.Build.0 = Release|Any CPU
		{AA9869F7-FA83-4F1A-B9CD-134D396D9155}.Release|x86.ActiveCfg = Release|Any CPU
		{AA9869F7-FA83-4F1A-B9CD-134D396D9155}.Release|x86.Build.0 = Release|Any CPU
		{67122FF4-9E6D-4FD5-99C7-91A575B13B0F}.Debug|Any CPU.ActiveCfg = Debug|Any CPU
		{67122FF4-9E6D-4FD5-99C7-91A575B13B0F}.Debug|Any CPU.Build.0 = Debug|Any CPU
		{67122FF4-9E6D-4FD5-99C7-91A575B13B0F}.Debug|x64.ActiveCfg = Debug|Any CPU
		{67122FF4-9E6D-4FD5-99C7-91A575B13B0F}.Debug|x64.Build.0 = Debug|Any CPU
		{67122FF4-9E6D-4FD5-99C7-91A575B13B0F}.Debug|x86.ActiveCfg = Debug|Any CPU
		{67122FF4-9E6D-4FD5-99C7-91A575B13B0F}.Debug|x86.Build.0 = Debug|Any CPU
		{67122FF4-9E6D-4FD5-99C7-91A575B13B0F}.Release|Any CPU.ActiveCfg = Release|Any CPU
		{67122FF4-9E6D-4FD5-99C7-91A575B13B0F}.Release|Any CPU.Build.0 = Release|Any CPU
		{67122FF4-9E6D-4FD5-99C7-91A575B13B0F}.Release|x64.ActiveCfg = Release|Any CPU
		{67122FF4-9E6D-4FD5-99C7-91A575B13B0F}.Release|x64.Build.0 = Release|Any CPU
		{67122FF4-9E6D-4FD5-99C7-91A575B13B0F}.Release|x86.ActiveCfg = Release|Any CPU
		{67122FF4-9E6D-4FD5-99C7-91A575B13B0F}.Release|x86.Build.0 = Release|Any CPU
		{63552A29-41F4-47BE-99A7-5C29C882F221}.Debug|Any CPU.ActiveCfg = Debug|Any CPU
		{63552A29-41F4-47BE-99A7-5C29C882F221}.Debug|Any CPU.Build.0 = Debug|Any CPU
		{63552A29-41F4-47BE-99A7-5C29C882F221}.Debug|x64.ActiveCfg = Debug|Any CPU
		{63552A29-41F4-47BE-99A7-5C29C882F221}.Debug|x64.Build.0 = Debug|Any CPU
		{63552A29-41F4-47BE-99A7-5C29C882F221}.Debug|x86.ActiveCfg = Debug|Any CPU
		{63552A29-41F4-47BE-99A7-5C29C882F221}.Debug|x86.Build.0 = Debug|Any CPU
		{63552A29-41F4-47BE-99A7-5C29C882F221}.Release|Any CPU.ActiveCfg = Release|Any CPU
		{63552A29-41F4-47BE-99A7-5C29C882F221}.Release|Any CPU.Build.0 = Release|Any CPU
		{63552A29-41F4-47BE-99A7-5C29C882F221}.Release|x64.ActiveCfg = Release|Any CPU
		{63552A29-41F4-47BE-99A7-5C29C882F221}.Release|x64.Build.0 = Release|Any CPU
		{63552A29-41F4-47BE-99A7-5C29C882F221}.Release|x86.ActiveCfg = Release|Any CPU
		{63552A29-41F4-47BE-99A7-5C29C882F221}.Release|x86.Build.0 = Release|Any CPU
		{2D2F147A-3FEB-4EF4-9632-2F708C67C05A}.Debug|Any CPU.ActiveCfg = Debug|Any CPU
		{2D2F147A-3FEB-4EF4-9632-2F708C67C05A}.Debug|Any CPU.Build.0 = Debug|Any CPU
		{2D2F147A-3FEB-4EF4-9632-2F708C67C05A}.Debug|x64.ActiveCfg = Debug|Any CPU
		{2D2F147A-3FEB-4EF4-9632-2F708C67C05A}.Debug|x64.Build.0 = Debug|Any CPU
		{2D2F147A-3FEB-4EF4-9632-2F708C67C05A}.Debug|x86.ActiveCfg = Debug|Any CPU
		{2D2F147A-3FEB-4EF4-9632-2F708C67C05A}.Debug|x86.Build.0 = Debug|Any CPU
		{2D2F147A-3FEB-4EF4-9632-2F708C67C05A}.Release|Any CPU.ActiveCfg = Release|Any CPU
		{2D2F147A-3FEB-4EF4-9632-2F708C67C05A}.Release|Any CPU.Build.0 = Release|Any CPU
		{2D2F147A-3FEB-4EF4-9632-2F708C67C05A}.Release|x64.ActiveCfg = Release|Any CPU
		{2D2F147A-3FEB-4EF4-9632-2F708C67C05A}.Release|x64.Build.0 = Release|Any CPU
		{2D2F147A-3FEB-4EF4-9632-2F708C67C05A}.Release|x86.ActiveCfg = Release|Any CPU
		{2D2F147A-3FEB-4EF4-9632-2F708C67C05A}.Release|x86.Build.0 = Release|Any CPU
		{BDBE7DBF-5282-4545-8695-4DDCE478A4A4}.Debug|Any CPU.ActiveCfg = Debug|Any CPU
		{BDBE7DBF-5282-4545-8695-4DDCE478A4A4}.Debug|Any CPU.Build.0 = Debug|Any CPU
		{BDBE7DBF-5282-4545-8695-4DDCE478A4A4}.Debug|x64.ActiveCfg = Debug|Any CPU
		{BDBE7DBF-5282-4545-8695-4DDCE478A4A4}.Debug|x64.Build.0 = Debug|Any CPU
		{BDBE7DBF-5282-4545-8695-4DDCE478A4A4}.Debug|x86.ActiveCfg = Debug|Any CPU
		{BDBE7DBF-5282-4545-8695-4DDCE478A4A4}.Debug|x86.Build.0 = Debug|Any CPU
		{BDBE7DBF-5282-4545-8695-4DDCE478A4A4}.Release|Any CPU.ActiveCfg = Release|Any CPU
		{BDBE7DBF-5282-4545-8695-4DDCE478A4A4}.Release|Any CPU.Build.0 = Release|Any CPU
		{BDBE7DBF-5282-4545-8695-4DDCE478A4A4}.Release|x64.ActiveCfg = Release|Any CPU
		{BDBE7DBF-5282-4545-8695-4DDCE478A4A4}.Release|x64.Build.0 = Release|Any CPU
		{BDBE7DBF-5282-4545-8695-4DDCE478A4A4}.Release|x86.ActiveCfg = Release|Any CPU
		{BDBE7DBF-5282-4545-8695-4DDCE478A4A4}.Release|x86.Build.0 = Release|Any CPU
		{A2372D94-0C45-4C0C-92E8-953FFA540912}.Debug|Any CPU.ActiveCfg = Debug|Any CPU
		{A2372D94-0C45-4C0C-92E8-953FFA540912}.Debug|Any CPU.Build.0 = Debug|Any CPU
		{A2372D94-0C45-4C0C-92E8-953FFA540912}.Debug|x64.ActiveCfg = Debug|Any CPU
		{A2372D94-0C45-4C0C-92E8-953FFA540912}.Debug|x64.Build.0 = Debug|Any CPU
		{A2372D94-0C45-4C0C-92E8-953FFA540912}.Debug|x86.ActiveCfg = Debug|Any CPU
		{A2372D94-0C45-4C0C-92E8-953FFA540912}.Debug|x86.Build.0 = Debug|Any CPU
		{A2372D94-0C45-4C0C-92E8-953FFA540912}.Release|Any CPU.ActiveCfg = Release|Any CPU
		{A2372D94-0C45-4C0C-92E8-953FFA540912}.Release|Any CPU.Build.0 = Release|Any CPU
		{A2372D94-0C45-4C0C-92E8-953FFA540912}.Release|x64.ActiveCfg = Release|Any CPU
		{A2372D94-0C45-4C0C-92E8-953FFA540912}.Release|x64.Build.0 = Release|Any CPU
		{A2372D94-0C45-4C0C-92E8-953FFA540912}.Release|x86.ActiveCfg = Release|Any CPU
		{A2372D94-0C45-4C0C-92E8-953FFA540912}.Release|x86.Build.0 = Release|Any CPU
		{D87700A4-D08D-4DC4-988F-D44D3890E8EB}.Debug|Any CPU.ActiveCfg = Debug|Any CPU
		{D87700A4-D08D-4DC4-988F-D44D3890E8EB}.Debug|Any CPU.Build.0 = Debug|Any CPU
		{D87700A4-D08D-4DC4-988F-D44D3890E8EB}.Debug|x64.ActiveCfg = Debug|Any CPU
		{D87700A4-D08D-4DC4-988F-D44D3890E8EB}.Debug|x64.Build.0 = Debug|Any CPU
		{D87700A4-D08D-4DC4-988F-D44D3890E8EB}.Debug|x86.ActiveCfg = Debug|Any CPU
		{D87700A4-D08D-4DC4-988F-D44D3890E8EB}.Debug|x86.Build.0 = Debug|Any CPU
		{D87700A4-D08D-4DC4-988F-D44D3890E8EB}.Release|Any CPU.ActiveCfg = Release|Any CPU
		{D87700A4-D08D-4DC4-988F-D44D3890E8EB}.Release|Any CPU.Build.0 = Release|Any CPU
		{D87700A4-D08D-4DC4-988F-D44D3890E8EB}.Release|x64.ActiveCfg = Release|Any CPU
		{D87700A4-D08D-4DC4-988F-D44D3890E8EB}.Release|x64.Build.0 = Release|Any CPU
		{D87700A4-D08D-4DC4-988F-D44D3890E8EB}.Release|x86.ActiveCfg = Release|Any CPU
		{D87700A4-D08D-4DC4-988F-D44D3890E8EB}.Release|x86.Build.0 = Release|Any CPU
		{1800AB8E-C4F5-4FF2-B73B-226CEA5B6FBA}.Debug|Any CPU.ActiveCfg = Debug|Any CPU
		{1800AB8E-C4F5-4FF2-B73B-226CEA5B6FBA}.Debug|Any CPU.Build.0 = Debug|Any CPU
		{1800AB8E-C4F5-4FF2-B73B-226CEA5B6FBA}.Debug|x64.ActiveCfg = Debug|Any CPU
		{1800AB8E-C4F5-4FF2-B73B-226CEA5B6FBA}.Debug|x64.Build.0 = Debug|Any CPU
		{1800AB8E-C4F5-4FF2-B73B-226CEA5B6FBA}.Debug|x86.ActiveCfg = Debug|Any CPU
		{1800AB8E-C4F5-4FF2-B73B-226CEA5B6FBA}.Debug|x86.Build.0 = Debug|Any CPU
		{1800AB8E-C4F5-4FF2-B73B-226CEA5B6FBA}.Release|Any CPU.ActiveCfg = Release|Any CPU
		{1800AB8E-C4F5-4FF2-B73B-226CEA5B6FBA}.Release|Any CPU.Build.0 = Release|Any CPU
		{1800AB8E-C4F5-4FF2-B73B-226CEA5B6FBA}.Release|x64.ActiveCfg = Release|Any CPU
		{1800AB8E-C4F5-4FF2-B73B-226CEA5B6FBA}.Release|x64.Build.0 = Release|Any CPU
		{1800AB8E-C4F5-4FF2-B73B-226CEA5B6FBA}.Release|x86.ActiveCfg = Release|Any CPU
		{1800AB8E-C4F5-4FF2-B73B-226CEA5B6FBA}.Release|x86.Build.0 = Release|Any CPU
		{0DFA341A-17FF-4622-B13E-65720EA0B038}.Debug|Any CPU.ActiveCfg = Debug|Any CPU
		{0DFA341A-17FF-4622-B13E-65720EA0B038}.Debug|Any CPU.Build.0 = Debug|Any CPU
		{0DFA341A-17FF-4622-B13E-65720EA0B038}.Debug|x64.ActiveCfg = Debug|Any CPU
		{0DFA341A-17FF-4622-B13E-65720EA0B038}.Debug|x64.Build.0 = Debug|Any CPU
		{0DFA341A-17FF-4622-B13E-65720EA0B038}.Debug|x86.ActiveCfg = Debug|Any CPU
		{0DFA341A-17FF-4622-B13E-65720EA0B038}.Debug|x86.Build.0 = Debug|Any CPU
		{0DFA341A-17FF-4622-B13E-65720EA0B038}.Release|Any CPU.ActiveCfg = Release|Any CPU
		{0DFA341A-17FF-4622-B13E-65720EA0B038}.Release|Any CPU.Build.0 = Release|Any CPU
		{0DFA341A-17FF-4622-B13E-65720EA0B038}.Release|x64.ActiveCfg = Release|Any CPU
		{0DFA341A-17FF-4622-B13E-65720EA0B038}.Release|x64.Build.0 = Release|Any CPU
		{0DFA341A-17FF-4622-B13E-65720EA0B038}.Release|x86.ActiveCfg = Release|Any CPU
		{0DFA341A-17FF-4622-B13E-65720EA0B038}.Release|x86.Build.0 = Release|Any CPU
		{28B8A6E0-DDAF-4D28-AB8B-4CF436B1D09E}.Debug|Any CPU.ActiveCfg = Debug|Any CPU
		{28B8A6E0-DDAF-4D28-AB8B-4CF436B1D09E}.Debug|Any CPU.Build.0 = Debug|Any CPU
		{28B8A6E0-DDAF-4D28-AB8B-4CF436B1D09E}.Debug|x64.ActiveCfg = Debug|Any CPU
		{28B8A6E0-DDAF-4D28-AB8B-4CF436B1D09E}.Debug|x64.Build.0 = Debug|Any CPU
		{28B8A6E0-DDAF-4D28-AB8B-4CF436B1D09E}.Debug|x86.ActiveCfg = Debug|Any CPU
		{28B8A6E0-DDAF-4D28-AB8B-4CF436B1D09E}.Debug|x86.Build.0 = Debug|Any CPU
		{28B8A6E0-DDAF-4D28-AB8B-4CF436B1D09E}.Release|Any CPU.ActiveCfg = Release|Any CPU
		{28B8A6E0-DDAF-4D28-AB8B-4CF436B1D09E}.Release|Any CPU.Build.0 = Release|Any CPU
		{28B8A6E0-DDAF-4D28-AB8B-4CF436B1D09E}.Release|x64.ActiveCfg = Release|Any CPU
		{28B8A6E0-DDAF-4D28-AB8B-4CF436B1D09E}.Release|x64.Build.0 = Release|Any CPU
		{28B8A6E0-DDAF-4D28-AB8B-4CF436B1D09E}.Release|x86.ActiveCfg = Release|Any CPU
		{28B8A6E0-DDAF-4D28-AB8B-4CF436B1D09E}.Release|x86.Build.0 = Release|Any CPU
		{E4E0318D-CE2F-4A8B-835F-F76C0EDF85E4}.Debug|Any CPU.ActiveCfg = Debug|Any CPU
		{E4E0318D-CE2F-4A8B-835F-F76C0EDF85E4}.Debug|Any CPU.Build.0 = Debug|Any CPU
		{E4E0318D-CE2F-4A8B-835F-F76C0EDF85E4}.Debug|x64.ActiveCfg = Debug|Any CPU
		{E4E0318D-CE2F-4A8B-835F-F76C0EDF85E4}.Debug|x64.Build.0 = Debug|Any CPU
		{E4E0318D-CE2F-4A8B-835F-F76C0EDF85E4}.Debug|x86.ActiveCfg = Debug|Any CPU
		{E4E0318D-CE2F-4A8B-835F-F76C0EDF85E4}.Debug|x86.Build.0 = Debug|Any CPU
		{E4E0318D-CE2F-4A8B-835F-F76C0EDF85E4}.Release|Any CPU.ActiveCfg = Release|Any CPU
		{E4E0318D-CE2F-4A8B-835F-F76C0EDF85E4}.Release|Any CPU.Build.0 = Release|Any CPU
		{E4E0318D-CE2F-4A8B-835F-F76C0EDF85E4}.Release|x64.ActiveCfg = Release|Any CPU
		{E4E0318D-CE2F-4A8B-835F-F76C0EDF85E4}.Release|x64.Build.0 = Release|Any CPU
		{E4E0318D-CE2F-4A8B-835F-F76C0EDF85E4}.Release|x86.ActiveCfg = Release|Any CPU
		{E4E0318D-CE2F-4A8B-835F-F76C0EDF85E4}.Release|x86.Build.0 = Release|Any CPU
		{66925C85-05F9-4835-843E-297690B2AB76}.Debug|Any CPU.ActiveCfg = Debug|Any CPU
		{66925C85-05F9-4835-843E-297690B2AB76}.Debug|Any CPU.Build.0 = Debug|Any CPU
		{66925C85-05F9-4835-843E-297690B2AB76}.Debug|x64.ActiveCfg = Debug|Any CPU
		{66925C85-05F9-4835-843E-297690B2AB76}.Debug|x64.Build.0 = Debug|Any CPU
		{66925C85-05F9-4835-843E-297690B2AB76}.Debug|x86.ActiveCfg = Debug|Any CPU
		{66925C85-05F9-4835-843E-297690B2AB76}.Debug|x86.Build.0 = Debug|Any CPU
		{66925C85-05F9-4835-843E-297690B2AB76}.Release|Any CPU.ActiveCfg = Release|Any CPU
		{66925C85-05F9-4835-843E-297690B2AB76}.Release|Any CPU.Build.0 = Release|Any CPU
		{66925C85-05F9-4835-843E-297690B2AB76}.Release|x64.ActiveCfg = Release|Any CPU
		{66925C85-05F9-4835-843E-297690B2AB76}.Release|x64.Build.0 = Release|Any CPU
		{66925C85-05F9-4835-843E-297690B2AB76}.Release|x86.ActiveCfg = Release|Any CPU
		{66925C85-05F9-4835-843E-297690B2AB76}.Release|x86.Build.0 = Release|Any CPU
		{9ACDCED0-299F-4234-BF17-3FE08221E177}.Debug|Any CPU.ActiveCfg = Debug|Any CPU
		{9ACDCED0-299F-4234-BF17-3FE08221E177}.Debug|Any CPU.Build.0 = Debug|Any CPU
		{9ACDCED0-299F-4234-BF17-3FE08221E177}.Debug|x64.ActiveCfg = Debug|Any CPU
		{9ACDCED0-299F-4234-BF17-3FE08221E177}.Debug|x64.Build.0 = Debug|Any CPU
		{9ACDCED0-299F-4234-BF17-3FE08221E177}.Debug|x86.ActiveCfg = Debug|Any CPU
		{9ACDCED0-299F-4234-BF17-3FE08221E177}.Debug|x86.Build.0 = Debug|Any CPU
		{9ACDCED0-299F-4234-BF17-3FE08221E177}.Release|Any CPU.ActiveCfg = Release|Any CPU
		{9ACDCED0-299F-4234-BF17-3FE08221E177}.Release|Any CPU.Build.0 = Release|Any CPU
		{9ACDCED0-299F-4234-BF17-3FE08221E177}.Release|x64.ActiveCfg = Release|Any CPU
		{9ACDCED0-299F-4234-BF17-3FE08221E177}.Release|x64.Build.0 = Release|Any CPU
		{9ACDCED0-299F-4234-BF17-3FE08221E177}.Release|x86.ActiveCfg = Release|Any CPU
		{9ACDCED0-299F-4234-BF17-3FE08221E177}.Release|x86.Build.0 = Release|Any CPU
	EndGlobalSection
	GlobalSection(SolutionProperties) = preSolution
		HideSolutionNode = FALSE
	EndGlobalSection
	GlobalSection(ExtensibilityGlobals) = postSolution
		SolutionGuid = {9A1D2AC1-7C4C-454A-9590-FF5DF2F6DA42}
	EndGlobalSection
EndGlobal
